<?xml version="1.0" encoding="utf-8"?>
<Project ToolsVersion="4.0" xmlns="http://schemas.microsoft.com/developer/msbuild/2003">
  <ItemGroup>
    <ClCompile Include="src\models\airplane.cpp" />
    <ClCompile Include="src\models\airport.cpp" />
    <ClCompile Include="src\graphics\cameras\camera.cpp" />
    <ClCompile Include="src\graphics\day_night_cycle.cpp" />
    <ClCompile Include="src\graphics\lights\directional_light.cpp" />
    <ClCompile Include="src\models\directional_light_model.cpp" />
    <ClCompile Include="src\graphics\global_shading.cpp" />
    <ClCompile Include="src\graphics\lights\light.cpp" />
    <ClCompile Include="src\main.cpp" />
    <ClCompile Include="src\graphics\material.cpp" />
    <ClCompile Include="src\graphics\mesh.cpp" />
    <ClCompile Include="src\graphics\submodel.cpp" />
    <ClCompile Include="src\graphics\lights\mesh_light.cpp" />
    <ClCompile Include="src\models\model.cpp" />
    <ClCompile Include="src\graphics\cameras\model_camera.cpp" />
    <ClCompile Include="src\transformable.cpp" />
    <ClCompile Include="src\graphics\obj_parser.cpp" />
    <ClCompile Include="src\graphics\cameras\perspective_camera.cpp" />
    <ClCompile Include="src\graphics\shader_program.cpp" />
    <ClCompile Include="src\graphics\lights\spot_light.cpp" />
    <ClCompile Include="src\time.cpp" />
    <ClCompile Include="src\graphics\cameras\tracking_camera.cpp" />
    <ClCompile Include="src\models\zeppelin.cpp" />
    <ClCompile Include="src\scenes\airport_scene.cpp" />
    <ClCompile Include="src\physics\model_dynamics\rigid_body_dynamics.cpp" />
    <ClCompile Include="src\state.cpp" />
    <ClCompile Include="src\physics\model_dynamics\airplane_dynamics.cpp" />
    <ClCompile Include="src\physics\flight_ctrl.cpp" />
    <ClCompile Include="src\physics\airplane_params\airplane_params.cpp" />
    <ClCompile Include="src\scenes\scene.cpp" />
    <ClCompile Include="dep\stb_image.cpp" />
    <ClCompile Include="dep\glad.c" />
    <ClCompile Include="src\graphics\paths.cpp" />
    <ClCompile Include="src\physics\airplane_models\mustang.cpp" />
    <ClCompile Include="src\physics\atmosphere.cpp" />
  </ItemGroup>
  <ItemGroup>
    <ClInclude Include="src\models\airplane.hpp" />
    <ClInclude Include="src\models\airport.hpp" />
    <ClInclude Include="src\graphics\cameras\camera.hpp" />
    <ClInclude Include="src\graphics\day_night_cycle.hpp" />
    <ClInclude Include="src\graphics\lights\directional_light.hpp" />
    <ClInclude Include="src\models\directional_light_model.hpp" />
    <ClInclude Include="src\graphics\global_shading.hpp" />
    <ClInclude Include="src\graphics\lights\light.hpp" />
    <ClInclude Include="src\graphics\material.hpp" />
    <ClInclude Include="src\graphics\mesh.hpp" />
    <ClInclude Include="src\graphics\submodel.hpp" />
    <ClInclude Include="src\graphics\lights\mesh_light.hpp" />
    <ClInclude Include="src\models\model.hpp" />
    <ClInclude Include="src\graphics\cameras\model_camera.hpp" />
    <ClInclude Include="src\transformable.hpp" />
    <ClInclude Include="src\graphics\obj_parser.hpp" />
    <ClInclude Include="src\graphics\cameras\perspective_camera.hpp" />
    <ClInclude Include="src\graphics\shader_program.hpp" />
    <ClInclude Include="src\graphics\lights\spot_light.hpp" />
    <ClInclude Include="src\time.hpp" />
    <ClInclude Include="src\graphics\cameras\tracking_camera.hpp" />
    <ClInclude Include="src\graphics\vertex.hpp" />
    <ClInclude Include="src\graphics\window_payload.hpp" />
    <ClInclude Include="src\models\zeppelin.hpp" />
    <ClInclude Include="src\graphics\paths.hpp" />
    <ClInclude Include="src\scenes\airport_scene.hpp" />
    <ClInclude Include="src\state.hpp" />
    <ClInclude Include="src\physics\runge_kutta.hpp" />
    <ClInclude Include="src\physics\model_dynamics\rigid_body_dynamics.hpp" />
    <ClInclude Include="src\physics\runge_kutta_right_hand_side.hpp" />
    <ClInclude Include="src\physics\model_dynamics\airplane_dynamics.hpp" />
    <ClInclude Include="src\physics\flight_ctrl.hpp" />
    <ClInclude Include="src\physics\airplane_params\airplane_params.hpp" />
    <ClInclude Include="src\physics\airplane_params\surface_params.hpp" />
    <ClInclude Include="src\scenes\scene.hpp" />
    <ClInclude Include="src\physics\airplane_models\airplane_models.hpp" />
    <ClInclude Include="dep\stb_image.h" />
    <ClInclude Include="src\physics\airplane_params\fuselage_params.hpp" />
    <ClInclude Include="src\physics\airplane_params\propulsion_params.hpp" />
    <ClInclude Include="src\physics\airplane_params\inertia_params.hpp" />
    <ClInclude Include="src\physics\atmosphere.hpp" />
  </ItemGroup>
  <ItemGroup>
    <None Include="src\graphics\shaders\lightFragmentShader.glsl" />
    <None Include="src\graphics\shaders\lightVertexShader.glsl" />
    <None Include="src\graphics\shaders\surfaceFragmentShader.glsl" />
    <None Include="src\graphics\shaders\surfaceVertexShader.glsl" />
    <None Include=".gitignore" />
  </ItemGroup>
</Project>