<?xml version="1.0" encoding="utf-8"?>
<Project ToolsVersion="4.0" xmlns="http://schemas.microsoft.com/developer/msbuild/2003">
  <ItemGroup>
    <ClCompile Include="src\graphics\cameras\camera.cpp" />
    <ClCompile Include="src\graphics\dayNightCycle.cpp" />
    <ClCompile Include="src\graphics\lights\directionalLight.cpp" />
    <ClCompile Include="src\graphics\worldShading.cpp" />
    <ClCompile Include="src\graphics\lights\light.cpp" />
    <ClCompile Include="src\app\main.cpp" />
    <ClCompile Include="src\graphics\material.cpp" />
    <ClCompile Include="src\graphics\meshes\mesh.cpp" />
    <ClCompile Include="src\graphics\submodels\submodel.cpp" />
    <ClCompile Include="src\graphics\cameras\modelCamera.cpp" />
    <ClCompile Include="src\graphics\meshes\objParser.cpp" />
    <ClCompile Include="src\graphics\cameras\perspectiveCamera.cpp" />
    <ClCompile Include="src\graphics\shaderProgram.cpp" />
    <ClCompile Include="src\graphics\lights\spotLight.cpp" />
    <ClCompile Include="src\graphics\cameras\trackingCamera.cpp" />
    <ClCompile Include="dep\stb_image.cpp" />
    <ClCompile Include="dep\glad.c" />
    <ClCompile Include="src\graphics\texture.cpp" />
    <ClCompile Include="src\graphics\models\airplanes\airplane.cpp" />
    <ClCompile Include="src\graphics\models\airport.cpp" />
    <ClCompile Include="src\graphics\models\directionalLightModel.cpp" />
    <ClCompile Include="src\graphics\models\model.cpp" />
    <ClCompile Include="src\graphics\models\zeppelin.cpp" />
    <ClCompile Include="src\graphics\scene.cpp" />
    <ClCompile Include="src\graphics\maps\map.cpp" />
    <ClCompile Include="src\graphics\maps\airportMap.cpp" />
    <ClCompile Include="src\graphics\time.cpp" />
    <ClCompile Include="src\graphics\renderingBuffer.cpp" />
    <ClCompile Include="src\app\windowInput.cpp" />
    <ClCompile Include="src\app\ownInput.cpp" />
    <ClCompile Include="src\app\threads\networkThread.cpp" />
    <ClCompile Include="src\app\threads\physicsThread.cpp" />
    <ClCompile Include="src\app\threads\renderingThread.cpp" />
    <ClCompile Include="src\app\udp\udpCommunication.cpp" />
    <ClCompile Include="src\graphics\path.cpp" />
    <ClCompile Include="src\app\commandLineArgument.cpp" />
    <ClCompile Include="src\app\exitCode.cpp" />
    <ClCompile Include="core\app\udp\udpFrameType.cpp" />
    <ClCompile Include="core\app\udp\udpSerializer.cpp" />
    <ClCompile Include="core\common\airplaneTypeName.cpp" />
    <ClCompile Include="core\common\state.cpp" />
    <ClCompile Include="core\common\transformable.cpp" />
    <ClCompile Include="core\physics\airplaneParams\airplaneParams.cpp" />
    <ClCompile Include="core\physics\modelDynamics\airplaneDynamics.cpp" />
    <ClCompile Include="core\physics\modelDynamics\rigidBodyDynamics.cpp" />
    <ClCompile Include="core\physics\models\airplane.cpp" />
    <ClCompile Include="core\physics\models\model.cpp" />
    <ClCompile Include="core\physics\atmosphere.cpp" />
    <ClCompile Include="core\physics\dayNightCycle.cpp" />
    <ClCompile Include="core\physics\flightCtrl.cpp" />
    <ClCompile Include="core\physics\notification.cpp" />
    <ClCompile Include="core\physics\scene.cpp" />
    <ClCompile Include="core\physics\simulationBuffer.cpp" />
    <ClCompile Include="core\physics\simulationClock.cpp" />
    <ClCompile Include="core\physics\timestamp.cpp" />
    <ClCompile Include="core\physics\timestep.cpp" />
    <ClCompile Include="src\graphics\submodels\lightSubmodel.cpp" />
    <ClCompile Include="src\graphics\lights\pointLight.cpp" />
    <ClCompile Include="src\graphics\models\airplanes\mustang.cpp" />
    <ClCompile Include="src\graphics\models\airplanes\jw1.cpp" />
    <ClCompile Include="src\graphics\maps\hillsMap.cpp" />
    <ClCompile Include="src\graphics\models\hills.cpp" />
    <ClCompile Include="src\graphics\meshes\meshGenerator.cpp" />
    <ClCompile Include="core\common\terrains\maps\hillsMap.cpp" />
    <ClCompile Include="core\common\terrains\hill.cpp" />
    <ClCompile Include="core\common\terrains\compositeTerrain.cpp" />
    <ClCompile Include="core\common\terrains\waveX.cpp" />
    <ClCompile Include="core\common\terrains\waveZ.cpp" />
    <ClCompile Include="src\graphics\meshes\mapGenerator.cpp" />
    <ClCompile Include="core\common\terrains\maps\map.cpp" />
    <ClCompile Include="core\common\terrains\maps\airportMap.cpp" />
    <ClCompile Include="core\physics\modelDynamics\bulletDynamics.cpp" />
    <ClCompile Include="core\physics\models\bullet.cpp" />
    <ClCompile Include="src\graphics\models\bullet.cpp" />
    <ClCompile Include="src\graphics\meshes\bulletGenerator.cpp" />
    <ClCompile Include="core\app\exitSignal.cpp" />
    <ClCompile Include="core\physics\collisions\collisionTest.cpp" />
    <ClCompile Include="core\physics\simulationBufferElement.cpp" />
    <ClCompile Include="core\common\mapName.cpp" />
    <ClCompile Include="core\common\terrains\valueNoise.cpp" />
    <ClCompile Include="src\graphics\meshes\billboardGenerator.cpp" />
    <ClCompile Include="src\graphics\textField.cpp" />
    <ClCompile Include="src\graphics\models\hud.cpp" />
    <ClCompile Include="src\graphics\cameras\orthographicCamera.cpp" />
    <ClCompile Include="core\physics\spawner.cpp" />
  </ItemGroup>
  <ItemGroup>
    <ClInclude Include="src\graphics\cameras\camera.hpp" />
    <ClInclude Include="src\graphics\dayNightCycle.hpp" />
    <ClInclude Include="src\graphics\lights\directionalLight.hpp" />
    <ClInclude Include="src\graphics\worldShading.hpp" />
    <ClInclude Include="src\graphics\lights\light.hpp" />
    <ClInclude Include="src\graphics\material.hpp" />
    <ClInclude Include="src\graphics\meshes\mesh.hpp" />
    <ClInclude Include="src\graphics\submodels\submodel.hpp" />
    <ClInclude Include="src\graphics\cameras\modelCamera.hpp" />
    <ClInclude Include="src\graphics\meshes\objParser.hpp" />
    <ClInclude Include="src\graphics\cameras\perspectiveCamera.hpp" />
    <ClInclude Include="src\graphics\shaderProgram.hpp" />
    <ClInclude Include="src\graphics\lights\spotLight.hpp" />
    <ClInclude Include="src\graphics\cameras\trackingCamera.hpp" />
    <ClInclude Include="src\graphics\meshes\vertex.hpp" />
    <ClInclude Include="src\app\windowPayload.hpp" />
    <ClInclude Include="src\graphics\path.hpp" />
    <ClInclude Include="dep\stb_image.h" />
    <ClInclude Include="src\graphics\texture.hpp" />
    <ClInclude Include="src\graphics\assetManager.hpp" />
    <ClInclude Include="src\graphics\models\airplanes\airplane.hpp" />
    <ClInclude Include="src\graphics\models\airport.hpp" />
    <ClInclude Include="src\graphics\models\directionalLightModel.hpp" />
    <ClInclude Include="src\graphics\models\model.hpp" />
    <ClInclude Include="src\graphics\models\zeppelin.hpp" />
    <ClInclude Include="src\graphics\scene.hpp" />
    <ClInclude Include="src\graphics\maps\map.hpp" />
    <ClInclude Include="src\graphics\maps\airportMap.hpp" />
    <ClInclude Include="src\graphics\renderingBuffer.hpp" />
    <ClInclude Include="src\graphics\time.hpp" />
    <ClInclude Include="src\app\windowInput.hpp" />
    <ClInclude Include="src\app\controllerType.hpp" />
    <ClInclude Include="src\app\ownInput.hpp" />
    <ClInclude Include="src\app\threads\renderingThread.hpp" />
    <ClInclude Include="src\app\threads\physicsThread.hpp" />
    <ClInclude Include="src\app\threads\networkThread.hpp" />
    <ClInclude Include="src\app\gameMode.hpp" />
    <ClInclude Include="src\app\udp\udpCommunication.hpp" />
    <ClInclude Include="src\app\exitCode.hpp" />
    <ClInclude Include="src\app\commandLineArgument.hpp" />
    <ClInclude Include="core\app\udp\frame\controlFrame.hpp" />
    <ClInclude Include="core\app\udp\frame\initReqFrame.hpp" />
    <ClInclude Include="core\app\udp\frame\initResFrame.hpp" />
    <ClInclude Include="core\app\udp\frame\stateFrame.hpp" />
    <ClInclude Include="core\app\udp\frame\stateFramePlayerInfo.hpp" />
    <ClInclude Include="core\app\udp\udpFrameType.hpp" />
    <ClInclude Include="core\app\udp\udpSerializer.hpp" />
    <ClInclude Include="core\common\airplaneCentersOfMass.hpp" />
    <ClInclude Include="core\common\airplaneCtrl.hpp" />
    <ClInclude Include="core\common\airplaneInfo.hpp" />
    <ClInclude Include="core\common\airplaneTypeName.hpp" />
    <ClInclude Include="core\common\state.hpp" />
    <ClInclude Include="core\common\transformable.hpp" />
    <ClInclude Include="core\physics\airplaneParams\airplaneParams.hpp" />
    <ClInclude Include="core\physics\airplaneParams\fuselageParams.hpp" />
    <ClInclude Include="core\physics\airplaneParams\inertiaParams.hpp" />
    <ClInclude Include="core\physics\airplaneParams\propulsionParams.hpp" />
    <ClInclude Include="core\physics\airplaneParams\surfaceParams.hpp" />
    <ClInclude Include="core\physics\airplaneParamsDatabase\mustang.hpp" />
    <ClInclude Include="core\physics\modelDynamics\airplaneDynamics.hpp" />
    <ClInclude Include="core\physics\modelDynamics\rigidBodyDynamics.hpp" />
    <ClInclude Include="core\physics\models\airplane.hpp" />
    <ClInclude Include="core\physics\models\model.hpp" />
    <ClInclude Include="core\physics\atmosphere.hpp" />
    <ClInclude Include="core\physics\dayNightCycle.hpp" />
    <ClInclude Include="core\physics\flightCtrl.hpp" />
    <ClInclude Include="core\physics\notification.hpp" />
    <ClInclude Include="core\physics\playerInfo.hpp" />
    <ClInclude Include="core\physics\playerInput.hpp" />
    <ClInclude Include="core\physics\playerState.hpp" />
    <ClInclude Include="core\physics\rungeKutta.hpp" />
    <ClInclude Include="core\physics\rungeKuttaRightHandSide.hpp" />
    <ClInclude Include="core\physics\scene.hpp" />
    <ClInclude Include="core\physics\simulationBuffer.hpp" />
    <ClInclude Include="core\physics\simulationBufferElement.hpp" />
    <ClInclude Include="core\physics\simulationBufferPlayer.hpp" />
    <ClInclude Include="core\physics\simulationClock.hpp" />
    <ClInclude Include="core\physics\timestamp.hpp" />
    <ClInclude Include="core\physics\timestep.hpp" />
    <ClInclude Include="src\graphics\submodels\lightSubmodel.hpp" />
    <ClInclude Include="src\graphics\lights\pointLight.hpp" />
    <ClInclude Include="core\common\config.hpp" />
    <ClInclude Include="core\physics\airplaneParamsDatabase\jw1.hpp" />
    <ClInclude Include="src\graphics\models\airplanes\mustang.hpp" />
    <ClInclude Include="src\graphics\models\airplanes\jw1.hpp" />
    <ClInclude Include="src\graphics\meshes\proceduralMeshName.hpp" />
    <ClInclude Include="src\graphics\meshes\meshGenerator.hpp" />
    <ClInclude Include="src\graphics\maps\hillsMap.hpp" />
    <ClInclude Include="src\graphics\models\hills.hpp" />
    <ClInclude Include="src\graphics\meshes\mapGenerator.hpp" />
    <ClInclude Include="core\common\terrains\terrain.hpp" />
    <ClInclude Include="core\common\terrains\maps\hillsMap.hpp" />
    <ClInclude Include="core\common\terrains\maps\airportMap.hpp" />
    <ClInclude Include="core\common\terrains\hill.hpp" />
    <ClInclude Include="core\common\terrains\compositeTerrain.hpp" />
    <ClInclude Include="core\common\terrains\waveX.hpp" />
    <ClInclude Include="core\common\terrains\waveZ.hpp" />
    <ClInclude Include="core\common\terrains\maps\map.hpp" />
    <ClInclude Include="core\physics\modelDynamics\bulletDynamics.hpp" />
    <ClInclude Include="core\physics\models\bullet.hpp" />
    <ClInclude Include="core\common\sceneInfo.hpp" />
    <ClInclude Include="core\common\bulletInfo.hpp" />
    <ClInclude Include="src\graphics\models\bullet.hpp" />
    <ClInclude Include="src\graphics\meshes\bulletGenerator.hpp" />
    <ClInclude Include="core\physics\airplaneDefinition.hpp" />
    <ClInclude Include="core\physics\airplaneDefinitions.hpp" />
    <ClInclude Include="core\app\exitSignal.hpp" />
    <ClInclude Include="core\physics\collisions\collisionTest.hpp" />
    <ClInclude Include="core\physics\collisions\airplane.hpp" />
    <ClInclude Include="core\physics\collisions\ellipsoid.hpp" />
    <ClInclude Include="core\common\mapName.hpp" />
    <ClInclude Include="core\common\terrains\maps\maps.hpp" />
    <ClInclude Include="core\common\valueNoise.hpp" />
    <ClInclude Include="core\common\terrains\valueNoise.hpp" />
    <ClInclude Include="src\graphics\meshes\billboardGenerator.hpp" />
    <ClInclude Include="src\graphics\textField.hpp" />
    <ClInclude Include="src\graphics\models\hud.hpp" />
    <ClInclude Include="src\graphics\config.hpp" />
    <ClInclude Include="src\graphics\airplaneCameraPositions.hpp" />
    <ClInclude Include="src\graphics\cameras\orthographicCamera.hpp" />
    <ClInclude Include="core\physics\spawner.hpp" />
  </ItemGroup>
  <ItemGroup>
    <None Include="src\graphics\shaders\lightFS.glsl" />
    <None Include="src\graphics\shaders\lightVS.glsl" />
    <None Include="src\graphics\shaders\surfaceFS.glsl" />
    <None Include="src\graphics\shaders\surfaceVS.glsl" />
    <None Include=".gitignore" />
    <None Include=".gitmodules" />
    <None Include="src\graphics\shaders\hudFS.glsl" />
    <None Include="src\graphics\shaders\hudVS.glsl" />
  </ItemGroup>
</Project>